// !$*UTF8*$!
{
	archiveVersion = 1;
	classes = {
	};
	objectVersion = 77;
	objects = {

/* Begin PBXBuildFile section */
		A5440C662D8A3A6300C730AC /* APIConfig.plist in Resources */ = {isa = PBXBuildFile; fileRef = A5440C652D8A3A6300C730AC /* APIConfig.plist */; };
		A574E1F12DB8353100F0C194 /* KeychainAccess in Frameworks */ = {isa = PBXBuildFile; productRef = A574E1F02DB8353100F0C194 /* KeychainAccess */; };
/* End PBXBuildFile section */

/* Begin PBXContainerItemProxy section */
		A56050352CF82C1200523C32 /* PBXContainerItemProxy */ = {
			isa = PBXContainerItemProxy;
			containerPortal = A560501C2CF82C0F00523C32 /* Project object */;
			proxyType = 1;
			remoteGlobalIDString = A56050232CF82C0F00523C32;
			remoteInfo = "taco-about-it-ios";
		};
		A560503F2CF82C1200523C32 /* PBXContainerItemProxy */ = {
			isa = PBXContainerItemProxy;
			containerPortal = A560501C2CF82C0F00523C32 /* Project object */;
			proxyType = 1;
			remoteGlobalIDString = A56050232CF82C0F00523C32;
			remoteInfo = "taco-about-it-ios";
		};
/* End PBXContainerItemProxy section */

/* Begin PBXFileReference section */
		A5440C652D8A3A6300C730AC /* APIConfig.plist */ = {isa = PBXFileReference; lastKnownFileType = text.plist.xml; path = APIConfig.plist; sourceTree = "<group>"; };
		A56050242CF82C0F00523C32 /* taco-about-it-ios.app */ = {isa = PBXFileReference; explicitFileType = wrapper.application; includeInIndex = 0; path = "taco-about-it-ios.app"; sourceTree = BUILT_PRODUCTS_DIR; };
		A56050342CF82C1200523C32 /* taco-about-it-iosTests.xctest */ = {isa = PBXFileReference; explicitFileType = wrapper.cfbundle; includeInIndex = 0; path = "taco-about-it-iosTests.xctest"; sourceTree = BUILT_PRODUCTS_DIR; };
		A560503E2CF82C1200523C32 /* taco-about-it-iosUITests.xctest */ = {isa = PBXFileReference; explicitFileType = wrapper.cfbundle; includeInIndex = 0; path = "taco-about-it-iosUITests.xctest"; sourceTree = BUILT_PRODUCTS_DIR; };
/* End PBXFileReference section */

/* Begin PBXFileSystemSynchronizedBuildFileExceptionSet section */
		A56050582CF8305200523C32 /* Exceptions for "taco-about-it-ios" folder in "taco-about-it-ios" target */ = {
			isa = PBXFileSystemSynchronizedBuildFileExceptionSet;
			membershipExceptions = (
				Info.plist,
			);
			target = A56050232CF82C0F00523C32 /* taco-about-it-ios */;
		};
/* End PBXFileSystemSynchronizedBuildFileExceptionSet section */

/* Begin PBXFileSystemSynchronizedRootGroup section */
		A56050262CF82C0F00523C32 /* taco-about-it-ios */ = {
			isa = PBXFileSystemSynchronizedRootGroup;
			exceptions = (
				A56050582CF8305200523C32 /* Exceptions for "taco-about-it-ios" folder in "taco-about-it-ios" target */,
			);
			path = "taco-about-it-ios";
			sourceTree = "<group>";
		};
		A56050372CF82C1200523C32 /* taco-about-it-iosTests */ = {
			isa = PBXFileSystemSynchronizedRootGroup;
			path = "taco-about-it-iosTests";
			sourceTree = "<group>";
		};
		A56050412CF82C1200523C32 /* taco-about-it-iosUITests */ = {
			isa = PBXFileSystemSynchronizedRootGroup;
			path = "taco-about-it-iosUITests";
			sourceTree = "<group>";
		};
/* End PBXFileSystemSynchronizedRootGroup section */

/* Begin PBXFrameworksBuildPhase section */
		A56050212CF82C0F00523C32 /* Frameworks */ = {
			isa = PBXFrameworksBuildPhase;
			buildActionMask = 2147483647;
			files = (
				A574E1F12DB8353100F0C194 /* KeychainAccess in Frameworks */,
			);
			runOnlyForDeploymentPostprocessing = 0;
		};
		A56050312CF82C1200523C32 /* Frameworks */ = {
			isa = PBXFrameworksBuildPhase;
			buildActionMask = 2147483647;
			files = (
			);
			runOnlyForDeploymentPostprocessing = 0;
		};
		A560503B2CF82C1200523C32 /* Frameworks */ = {
			isa = PBXFrameworksBuildPhase;
			buildActionMask = 2147483647;
			files = (
			);
			runOnlyForDeploymentPostprocessing = 0;
		};
/* End PBXFrameworksBuildPhase section */

/* Begin PBXGroup section */
		A560501B2CF82C0F00523C32 = {
			isa = PBXGroup;
			children = (
				A5440C652D8A3A6300C730AC /* APIConfig.plist */,
				A56050252CF82C0F00523C32 /* Products */,
				A56050262CF82C0F00523C32 /* taco-about-it-ios */,
				A56050372CF82C1200523C32 /* taco-about-it-iosTests */,
				A56050412CF82C1200523C32 /* taco-about-it-iosUITests */,
			);
			sourceTree = "<group>";
		};
		A56050252CF82C0F00523C32 /* Products */ = {
			isa = PBXGroup;
			children = (
				A56050242CF82C0F00523C32 /* taco-about-it-ios.app */,
				A56050342CF82C1200523C32 /* taco-about-it-iosTests.xctest */,
				A560503E2CF82C1200523C32 /* taco-about-it-iosUITests.xctest */,
			);
			name = Products;
			sourceTree = "<group>";
		};
/* End PBXGroup section */

/* Begin PBXNativeTarget section */
		A56050232CF82C0F00523C32 /* taco-about-it-ios */ = {
			isa = PBXNativeTarget;
			buildConfigurationList = A56050482CF82C1200523C32 /* Build configuration list for PBXNativeTarget "taco-about-it-ios" */;
			buildPhases = (
				A56050202CF82C0F00523C32 /* Sources */,
				A56050212CF82C0F00523C32 /* Frameworks */,
				A56050222CF82C0F00523C32 /* Resources */,
			);
			buildRules = (
			);
			dependencies = (
			);
			fileSystemSynchronizedGroups = (
				A56050262CF82C0F00523C32 /* taco-about-it-ios */,
			);
			name = "taco-about-it-ios";
			productName = "taco-about-it-ios";
			productReference = A56050242CF82C0F00523C32 /* taco-about-it-ios.app */;
			productType = "com.apple.product-type.application";
		};
		A56050332CF82C1200523C32 /* taco-about-it-iosTests */ = {
			isa = PBXNativeTarget;
			buildConfigurationList = A560504B2CF82C1200523C32 /* Build configuration list for PBXNativeTarget "taco-about-it-iosTests" */;
			buildPhases = (
				A56050302CF82C1200523C32 /* Sources */,
				A56050312CF82C1200523C32 /* Frameworks */,
				A56050322CF82C1200523C32 /* Resources */,
			);
			buildRules = (
			);
			dependencies = (
				A56050362CF82C1200523C32 /* PBXTargetDependency */,
			);
			fileSystemSynchronizedGroups = (
				A56050372CF82C1200523C32 /* taco-about-it-iosTests */,
			);
			name = "taco-about-it-iosTests";
			productName = "taco-about-it-iosTests";
			productReference = A56050342CF82C1200523C32 /* taco-about-it-iosTests.xctest */;
			productType = "com.apple.product-type.bundle.unit-test";
		};
		A560503D2CF82C1200523C32 /* taco-about-it-iosUITests */ = {
			isa = PBXNativeTarget;
			buildConfigurationList = A560504E2CF82C1200523C32 /* Build configuration list for PBXNativeTarget "taco-about-it-iosUITests" */;
			buildPhases = (
				A560503A2CF82C1200523C32 /* Sources */,
				A560503B2CF82C1200523C32 /* Frameworks */,
				A560503C2CF82C1200523C32 /* Resources */,
			);
			buildRules = (
			);
			dependencies = (
				A56050402CF82C1200523C32 /* PBXTargetDependency */,
			);
			fileSystemSynchronizedGroups = (
				A56050412CF82C1200523C32 /* taco-about-it-iosUITests */,
			);
			name = "taco-about-it-iosUITests";
			productName = "taco-about-it-iosUITests";
			productReference = A560503E2CF82C1200523C32 /* taco-about-it-iosUITests.xctest */;
			productType = "com.apple.product-type.bundle.ui-testing";
		};
/* End PBXNativeTarget section */

/* Begin PBXProject section */
		A560501C2CF82C0F00523C32 /* Project object */ = {
			isa = PBXProject;
			attributes = {
				BuildIndependentTargetsInParallel = 1;
				LastSwiftUpdateCheck = 1610;
				LastUpgradeCheck = 1610;
				TargetAttributes = {
					A56050232CF82C0F00523C32 = {
						CreatedOnToolsVersion = 16.1;
					};
					A56050332CF82C1200523C32 = {
						CreatedOnToolsVersion = 16.1;
						TestTargetID = A56050232CF82C0F00523C32;
					};
					A560503D2CF82C1200523C32 = {
						CreatedOnToolsVersion = 16.1;
						TestTargetID = A56050232CF82C0F00523C32;
					};
				};
			};
			buildConfigurationList = A560501F2CF82C0F00523C32 /* Build configuration list for PBXProject "taco-about-it-ios" */;
			developmentRegion = en;
			hasScannedForEncodings = 0;
			knownRegions = (
				en,
				Base,
			);
			mainGroup = A560501B2CF82C0F00523C32;
			minimizedProjectReferenceProxies = 1;
			packageReferences = (
				A574E1EF2DB8353100F0C194 /* XCRemoteSwiftPackageReference "KeychainAccess" */,
			);
			preferredProjectObjectVersion = 77;
			productRefGroup = A56050252CF82C0F00523C32 /* Products */;
			projectDirPath = "";
			projectRoot = "";
			targets = (
				A56050232CF82C0F00523C32 /* taco-about-it-ios */,
				A56050332CF82C1200523C32 /* taco-about-it-iosTests */,
				A560503D2CF82C1200523C32 /* taco-about-it-iosUITests */,
			);
		};
/* End PBXProject section */

/* Begin PBXResourcesBuildPhase section */
		A56050222CF82C0F00523C32 /* Resources */ = {
			isa = PBXResourcesBuildPhase;
			buildActionMask = 2147483647;
			files = (
				A5440C662D8A3A6300C730AC /* APIConfig.plist in Resources */,
			);
			runOnlyForDeploymentPostprocessing = 0;
		};
		A56050322CF82C1200523C32 /* Resources */ = {
			isa = PBXResourcesBuildPhase;
			buildActionMask = 2147483647;
			files = (
			);
			runOnlyForDeploymentPostprocessing = 0;
		};
		A560503C2CF82C1200523C32 /* Resources */ = {
			isa = PBXResourcesBuildPhase;
			buildActionMask = 2147483647;
			files = (
			);
			runOnlyForDeploymentPostprocessing = 0;
		};
/* End PBXResourcesBuildPhase section */

/* Begin PBXSourcesBuildPhase section */
		A56050202CF82C0F00523C32 /* Sources */ = {
			isa = PBXSourcesBuildPhase;
			buildActionMask = 2147483647;
			files = (
			);
			runOnlyForDeploymentPostprocessing = 0;
		};
		A56050302CF82C1200523C32 /* Sources */ = {
			isa = PBXSourcesBuildPhase;
			buildActionMask = 2147483647;
			files = (
			);
			runOnlyForDeploymentPostprocessing = 0;
		};
		A560503A2CF82C1200523C32 /* Sources */ = {
			isa = PBXSourcesBuildPhase;
			buildActionMask = 2147483647;
			files = (
			);
			runOnlyForDeploymentPostprocessing = 0;
		};
/* End PBXSourcesBuildPhase section */

/* Begin PBXTargetDependency section */
		A56050362CF82C1200523C32 /* PBXTargetDependency */ = {
			isa = PBXTargetDependency;
			target = A56050232CF82C0F00523C32 /* taco-about-it-ios */;
			targetProxy = A56050352CF82C1200523C32 /* PBXContainerItemProxy */;
		};
		A56050402CF82C1200523C32 /* PBXTargetDependency */ = {
			isa = PBXTargetDependency;
			target = A56050232CF82C0F00523C32 /* taco-about-it-ios */;
			targetProxy = A560503F2CF82C1200523C32 /* PBXContainerItemProxy */;
		};
/* End PBXTargetDependency section */

/* Begin XCBuildConfiguration section */
		A56050462CF82C1200523C32 /* Debug */ = {
			isa = XCBuildConfiguration;
			buildSettings = {
				ALWAYS_SEARCH_USER_PATHS = NO;
				ASSETCATALOG_COMPILER_GENERATE_SWIFT_ASSET_SYMBOL_EXTENSIONS = YES;
				CLANG_ANALYZER_NONNULL = YES;
				CLANG_ANALYZER_NUMBER_OBJECT_CONVERSION = YES_AGGRESSIVE;
				CLANG_CXX_LANGUAGE_STANDARD = "gnu++20";
				CLANG_ENABLE_MODULES = YES;
				CLANG_ENABLE_OBJC_ARC = YES;
				CLANG_ENABLE_OBJC_WEAK = YES;
				CLANG_WARN_BLOCK_CAPTURE_AUTORELEASING = YES;
				CLANG_WARN_BOOL_CONVERSION = YES;
				CLANG_WARN_COMMA = YES;
				CLANG_WARN_CONSTANT_CONVERSION = YES;
				CLANG_WARN_DEPRECATED_OBJC_IMPLEMENTATIONS = YES;
				CLANG_WARN_DIRECT_OBJC_ISA_USAGE = YES_ERROR;
				CLANG_WARN_DOCUMENTATION_COMMENTS = YES;
				CLANG_WARN_EMPTY_BODY = YES;
				CLANG_WARN_ENUM_CONVERSION = YES;
				CLANG_WARN_INFINITE_RECURSION = YES;
				CLANG_WARN_INT_CONVERSION = YES;
				CLANG_WARN_NON_LITERAL_NULL_CONVERSION = YES;
				CLANG_WARN_OBJC_IMPLICIT_RETAIN_SELF = YES;
				CLANG_WARN_OBJC_LITERAL_CONVERSION = YES;
				CLANG_WARN_OBJC_ROOT_CLASS = YES_ERROR;
				CLANG_WARN_QUOTED_INCLUDE_IN_FRAMEWORK_HEADER = YES;
				CLANG_WARN_RANGE_LOOP_ANALYSIS = YES;
				CLANG_WARN_STRICT_PROTOTYPES = YES;
				CLANG_WARN_SUSPICIOUS_MOVE = YES;
				CLANG_WARN_UNGUARDED_AVAILABILITY = YES_AGGRESSIVE;
				CLANG_WARN_UNREACHABLE_CODE = YES;
				CLANG_WARN__DUPLICATE_METHOD_MATCH = YES;
				COPY_PHASE_STRIP = NO;
				DEBUG_INFORMATION_FORMAT = dwarf;
				ENABLE_STRICT_OBJC_MSGSEND = YES;
				ENABLE_TESTABILITY = YES;
				ENABLE_USER_SCRIPT_SANDBOXING = YES;
				GCC_C_LANGUAGE_STANDARD = gnu17;
				GCC_DYNAMIC_NO_PIC = NO;
				GCC_NO_COMMON_BLOCKS = YES;
				GCC_OPTIMIZATION_LEVEL = 0;
				GCC_PREPROCESSOR_DEFINITIONS = (
					"DEBUG=1",
					"$(inherited)",
				);
				GCC_WARN_64_TO_32_BIT_CONVERSION = YES;
				GCC_WARN_ABOUT_RETURN_TYPE = YES_ERROR;
				GCC_WARN_UNDECLARED_SELECTOR = YES;
				GCC_WARN_UNINITIALIZED_AUTOS = YES_AGGRESSIVE;
				GCC_WARN_UNUSED_FUNCTION = YES;
				GCC_WARN_UNUSED_VARIABLE = YES;
				IPHONEOS_DEPLOYMENT_TARGET = 18.1;
				LOCALIZATION_PREFERS_STRING_CATALOGS = YES;
				MTL_ENABLE_DEBUG_INFO = INCLUDE_SOURCE;
				MTL_FAST_MATH = YES;
				ONLY_ACTIVE_ARCH = YES;
				SDKROOT = iphoneos;
				SWIFT_ACTIVE_COMPILATION_CONDITIONS = "DEBUG $(inherited)";
				SWIFT_OPTIMIZATION_LEVEL = "-Onone";
			};
			name = Debug;
		};
		A56050472CF82C1200523C32 /* Release */ = {
			isa = XCBuildConfiguration;
			buildSettings = {
				ALWAYS_SEARCH_USER_PATHS = NO;
				ASSETCATALOG_COMPILER_GENERATE_SWIFT_ASSET_SYMBOL_EXTENSIONS = YES;
				CLANG_ANALYZER_NONNULL = YES;
				CLANG_ANALYZER_NUMBER_OBJECT_CONVERSION = YES_AGGRESSIVE;
				CLANG_CXX_LANGUAGE_STANDARD = "gnu++20";
				CLANG_ENABLE_MODULES = YES;
				CLANG_ENABLE_OBJC_ARC = YES;
				CLANG_ENABLE_OBJC_WEAK = YES;
				CLANG_WARN_BLOCK_CAPTURE_AUTORELEASING = YES;
				CLANG_WARN_BOOL_CONVERSION = YES;
				CLANG_WARN_COMMA = YES;
				CLANG_WARN_CONSTANT_CONVERSION = YES;
				CLANG_WARN_DEPRECATED_OBJC_IMPLEMENTATIONS = YES;
				CLANG_WARN_DIRECT_OBJC_ISA_USAGE = YES_ERROR;
				CLANG_WARN_DOCUMENTATION_COMMENTS = YES;
				CLANG_WARN_EMPTY_BODY = YES;
				CLANG_WARN_ENUM_CONVERSION = YES;
				CLANG_WARN_INFINITE_RECURSION = YES;
				CLANG_WARN_INT_CONVERSION = YES;
				CLANG_WARN_NON_LITERAL_NULL_CONVERSION = YES;
				CLANG_WARN_OBJC_IMPLICIT_RETAIN_SELF = YES;
				CLANG_WARN_OBJC_LITERAL_CONVERSION = YES;
				CLANG_WARN_OBJC_ROOT_CLASS = YES_ERROR;
				CLANG_WARN_QUOTED_INCLUDE_IN_FRAMEWORK_HEADER = YES;
				CLANG_WARN_RANGE_LOOP_ANALYSIS = YES;
				CLANG_WARN_STRICT_PROTOTYPES = YES;
				CLANG_WARN_SUSPICIOUS_MOVE = YES;
				CLANG_WARN_UNGUARDED_AVAILABILITY = YES_AGGRESSIVE;
				CLANG_WARN_UNREACHABLE_CODE = YES;
				CLANG_WARN__DUPLICATE_METHOD_MATCH = YES;
				COPY_PHASE_STRIP = NO;
				DEBUG_INFORMATION_FORMAT = "dwarf-with-dsym";
				ENABLE_NS_ASSERTIONS = NO;
				ENABLE_STRICT_OBJC_MSGSEND = YES;
				ENABLE_USER_SCRIPT_SANDBOXING = YES;
				GCC_C_LANGUAGE_STANDARD = gnu17;
				GCC_NO_COMMON_BLOCKS = YES;
				GCC_WARN_64_TO_32_BIT_CONVERSION = YES;
				GCC_WARN_ABOUT_RETURN_TYPE = YES_ERROR;
				GCC_WARN_UNDECLARED_SELECTOR = YES;
				GCC_WARN_UNINITIALIZED_AUTOS = YES_AGGRESSIVE;
				GCC_WARN_UNUSED_FUNCTION = YES;
				GCC_WARN_UNUSED_VARIABLE = YES;
				IPHONEOS_DEPLOYMENT_TARGET = 18.1;
				LOCALIZATION_PREFERS_STRING_CATALOGS = YES;
				MTL_ENABLE_DEBUG_INFO = NO;
				MTL_FAST_MATH = YES;
				SDKROOT = iphoneos;
				SWIFT_COMPILATION_MODE = wholemodule;
				VALIDATE_PRODUCT = YES;
			};
			name = Release;
		};
		A56050492CF82C1200523C32 /* Debug */ = {
			isa = XCBuildConfiguration;
			buildSettings = {
				ASSETCATALOG_COMPILER_APPICON_NAME = AppIcon;
				ASSETCATALOG_COMPILER_GLOBAL_ACCENT_COLOR_NAME = AccentColor;
				CODE_SIGN_STYLE = Automatic;
				CURRENT_PROJECT_VERSION = 1;
				DEVELOPMENT_ASSET_PATHS = "\"taco-about-it-ios/Preview Content\"";
				DEVELOPMENT_TEAM = H8574AQM56;
				ENABLE_PREVIEWS = YES;
				GENERATE_INFOPLIST_FILE = YES;
				INFOPLIST_FILE = "taco-about-it-ios/Info.plist";
				INFOPLIST_KEY_NSLocationWhenInUseUsageDescription = "We need your location to find nearby taco spots.";
				INFOPLIST_KEY_UIApplicationSceneManifest_Generation = YES;
				INFOPLIST_KEY_UIApplicationSupportsIndirectInputEvents = YES;
				INFOPLIST_KEY_UILaunchScreen_Generation = YES;
				INFOPLIST_KEY_UISupportedInterfaceOrientations_iPad = "UIInterfaceOrientationPortrait UIInterfaceOrientationPortraitUpsideDown UIInterfaceOrientationLandscapeLeft UIInterfaceOrientationLandscapeRight";
				INFOPLIST_KEY_UISupportedInterfaceOrientations_iPhone = "UIInterfaceOrientationPortrait UIInterfaceOrientationLandscapeLeft UIInterfaceOrientationLandscapeRight";
				LD_RUNPATH_SEARCH_PATHS = (
					"$(inherited)",
					"@executable_path/Frameworks",
				);
				MARKETING_VERSION = 1.0;
				PRODUCT_BUNDLE_IDENTIFIER = "ellis.taco-about-it-ios";
				PRODUCT_NAME = "$(TARGET_NAME)";
				SWIFT_EMIT_LOC_STRINGS = YES;
				SWIFT_VERSION = 5.0;
				TARGETED_DEVICE_FAMILY = "1,2";
			};
			name = Debug;
		};
		A560504A2CF82C1200523C32 /* Release */ = {
			isa = XCBuildConfiguration;
			buildSettings = {
				ASSETCATALOG_COMPILER_APPICON_NAME = AppIcon;
				ASSETCATALOG_COMPILER_GLOBAL_ACCENT_COLOR_NAME = AccentColor;
				CODE_SIGN_STYLE = Automatic;
				CURRENT_PROJECT_VERSION = 1;
				DEVELOPMENT_ASSET_PATHS = "\"taco-about-it-ios/Preview Content\"";
				DEVELOPMENT_TEAM = H8574AQM56;
				ENABLE_PREVIEWS = YES;
				GENERATE_INFOPLIST_FILE = YES;
				INFOPLIST_FILE = "taco-about-it-ios/Info.plist";
				INFOPLIST_KEY_NSLocationWhenInUseUsageDescription = "We need your location to find nearby taco spots.";
				INFOPLIST_KEY_UIApplicationSceneManifest_Generation = YES;
				INFOPLIST_KEY_UIApplicationSupportsIndirectInputEvents = YES;
				INFOPLIST_KEY_UILaunchScreen_Generation = YES;
				INFOPLIST_KEY_UISupportedInterfaceOrientations_iPad = "UIInterfaceOrientationPortrait UIInterfaceOrientationPortraitUpsideDown UIInterfaceOrientationLandscapeLeft UIInterfaceOrientationLandscapeRight";
				INFOPLIST_KEY_UISupportedInterfaceOrientations_iPhone = "UIInterfaceOrientationPortrait UIInterfaceOrientationLandscapeLeft UIInterfaceOrientationLandscapeRight";
				LD_RUNPATH_SEARCH_PATHS = (
					"$(inherited)",
					"@executable_path/Frameworks",
				);
				MARKETING_VERSION = 1.0;
				PRODUCT_BUNDLE_IDENTIFIER = "ellis.taco-about-it-ios";
				PRODUCT_NAME = "$(TARGET_NAME)";
				SWIFT_EMIT_LOC_STRINGS = YES;
				SWIFT_VERSION = 5.0;
				TARGETED_DEVICE_FAMILY = "1,2";
			};
			name = Release;
		};
		A560504C2CF82C1200523C32 /* Debug */ = {
			isa = XCBuildConfiguration;
			buildSettings = {
				BUNDLE_LOADER = "$(TEST_HOST)";
				CODE_SIGN_STYLE = Automatic;
				CURRENT_PROJECT_VERSION = 1;
				GENERATE_INFOPLIST_FILE = YES;
				IPHONEOS_DEPLOYMENT_TARGET = 18.1;
				MARKETING_VERSION = 1.0;
				PRODUCT_BUNDLE_IDENTIFIER = "ellis.taco-about-it-iosTests";
				PRODUCT_NAME = "$(TARGET_NAME)";
				SWIFT_EMIT_LOC_STRINGS = NO;
				SWIFT_VERSION = 5.0;
				TARGETED_DEVICE_FAMILY = "1,2";
				TEST_HOST = "$(BUILT_PRODUCTS_DIR)/taco-about-it-ios.app/$(BUNDLE_EXECUTABLE_FOLDER_PATH)/taco-about-it-ios";
			};
			name = Debug;
		};
		A560504D2CF82C1200523C32 /* Release */ = {
			isa = XCBuildConfiguration;
			buildSettings = {
				BUNDLE_LOADER = "$(TEST_HOST)";
				CODE_SIGN_STYLE = Automatic;
				CURRENT_PROJECT_VERSION = 1;
				GENERATE_INFOPLIST_FILE = YES;
				IPHONEOS_DEPLOYMENT_TARGET = 18.1;
				MARKETING_VERSION = 1.0;
				PRODUCT_BUNDLE_IDENTIFIER = "ellis.taco-about-it-iosTests";
				PRODUCT_NAME = "$(TARGET_NAME)";
				SWIFT_EMIT_LOC_STRINGS = NO;
				SWIFT_VERSION = 5.0;
				TARGETED_DEVICE_FAMILY = "1,2";
				TEST_HOST = "$(BUILT_PRODUCTS_DIR)/taco-about-it-ios.app/$(BUNDLE_EXECUTABLE_FOLDER_PATH)/taco-about-it-ios";
			};
			name = Release;
		};
		A560504F2CF82C1200523C32 /* Debug */ = {
			isa = XCBuildConfiguration;
			buildSettings = {
				CODE_SIGN_STYLE = Automatic;
				CURRENT_PROJECT_VERSION = 1;
				GENERATE_INFOPLIST_FILE = YES;
				MARKETING_VERSION = 1.0;
				PRODUCT_BUNDLE_IDENTIFIER = "ellis.taco-about-it-iosUITests";
				PRODUCT_NAME = "$(TARGET_NAME)";
				SWIFT_EMIT_LOC_STRINGS = NO;
				SWIFT_VERSION = 5.0;
				TARGETED_DEVICE_FAMILY = "1,2";
				TEST_TARGET_NAME = "taco-about-it-ios";
			};
			name = Debug;
		};
		A56050502CF82C1200523C32 /* Release */ = {
			isa = XCBuildConfiguration;
			buildSettings = {
				CODE_SIGN_STYLE = Automatic;
				CURRENT_PROJECT_VERSION = 1;
				GENERATE_INFOPLIST_FILE = YES;
				MARKETING_VERSION = 1.0;
				PRODUCT_BUNDLE_IDENTIFIER = "ellis.taco-about-it-iosUITests";
				PRODUCT_NAME = "$(TARGET_NAME)";
				SWIFT_EMIT_LOC_STRINGS = NO;
				SWIFT_VERSION = 5.0;
				TARGETED_DEVICE_FAMILY = "1,2";
				TEST_TARGET_NAME = "taco-about-it-ios";
			};
			name = Release;
		};
/* End XCBuildConfiguration section */

/* Begin XCConfigurationList section */
		A560501F2CF82C0F00523C32 /* Build configuration list for PBXProject "taco-about-it-ios" */ = {
			isa = XCConfigurationList;
			buildConfigurations = (
				A56050462CF82C1200523C32 /* Debug */,
				A56050472CF82C1200523C32 /* Release */,
			);
			defaultConfigurationIsVisible = 0;
			defaultConfigurationName = Release;
		};
		A56050482CF82C1200523C32 /* Build configuration list for PBXNativeTarget "taco-about-it-ios" */ = {
			isa = XCConfigurationList;
			buildConfigurations = (
				A56050492CF82C1200523C32 /* Debug */,
				A560504A2CF82C1200523C32 /* Release */,
			);
			defaultConfigurationIsVisible = 0;
			defaultConfigurationName = Release;
		};
		A560504B2CF82C1200523C32 /* Build configuration list for PBXNativeTarget "taco-about-it-iosTests" */ = {
			isa = XCConfigurationList;
			buildConfigurations = (
				A560504C2CF82C1200523C32 /* Debug */,
				A560504D2CF82C1200523C32 /* Release */,
			);
			defaultConfigurationIsVisible = 0;
			defaultConfigurationName = Release;
		};
		A560504E2CF82C1200523C32 /* Build configuration list for PBXNativeTarget "taco-about-it-iosUITests" */ = {
			isa = XCConfigurationList;
			buildConfigurations = (
				A560504F2CF82C1200523C32 /* Debug */,
				A56050502CF82C1200523C32 /* Release */,
			);
			defaultConfigurationIsVisible = 0;
			defaultConfigurationName = Release;
		};
/* End XCConfigurationList section */

/* Begin XCRemoteSwiftPackageReference section */
		A574E1EF2DB8353100F0C194 /* XCRemoteSwiftPackageReference "KeychainAccess" */ = {
			isa = XCRemoteSwiftPackageReference;
			repositoryURL = "https://github.com/kishikawakatsumi/KeychainAccess.git";
			requirement = {
				branch = master;
				kind = branch;
			};
		};
/* End XCRemoteSwiftPackageReference section */

/* Begin XCSwiftPackageProductDependency section */
		A574E1F02DB8353100F0C194 /* KeychainAccess */ = {
			isa = XCSwiftPackageProductDependency;
			package = A574E1EF2DB8353100F0C194 /* XCRemoteSwiftPackageReference "KeychainAccess" */;
			productName = KeychainAccess;
		};
/* End XCSwiftPackageProductDependency section */
	};
	rootObject = A560501C2CF82C0F00523C32 /* Project object */;
}
